# This file is automatically @generated by Cargo.
# It is not intended for manual editing.
version = 4

[[package]]
name = "fprime-comp"
version = "0.1.0"
dependencies = [
 "fprime-config",
 "fprime-fw",
 "fprime-os",
]

[[package]]
name = "fprime-config"
version = "0.1.0"

[[package]]
name = "fprime-drv"
version = "0.1.0"
dependencies = [
 "fprime-comp",
 "fprime-config",
 "fprime-fw",
 "fprime-os",
]

[[package]]
name = "fprime-fpp"
version = "0.1.0"

[[package]]
name = "fprime-fpp-demo"
version = "0.1.0"
dependencies = [
 "fprime-comp",
 "fprime-config",
 "fprime-fpp",
 "fprime-fw",
 "fprime-os",
]

[[package]]
name = "fprime-fw"
version = "0.1.0"
dependencies = [
 "fprime-config",
]

[[package]]
name = "fprime-os"
version = "0.1.0"
dependencies = [
 "fprime-config",
 "fprime-fw",
]

[[package]]
name = "fprime-ref"
version = "0.1.0"
dependencies = [
 "fprime-comp",
 "fprime-config",
 "fprime-drv",
 "fprime-fw",
 "fprime-os",
 "fprime-svc",
 "fprime-utils",
]

[[package]]
name = "fprime-svc"
version = "0.1.0"
dependencies = [
 "fprime-comp",
 "fprime-config",
 "fprime-fw",
 "fprime-os",
 "fprime-utils",
]

[[package]]
name = "fprime-utils"
version = "0.1.0"
dependencies = [
 "fprime-config",
 "fprime-fw",
]
